
Microsoft Visual Studio Solution File, Format Version 12.00
# Visual Studio Version 16
VisualStudioVersion = 16.0.30611.23
MinimumVisualStudioVersion = 10.0.40219.1
Project("{8BC9CEB8-8B4A-11D0-8D11-00A0C91BC942}") = "Lab3", "GraphicalAlgorithmsLabs\GraphicalAlgorithmsLabs.vcxproj", "{93AA48BE-301A-4DDA-9137-AB97A3AC635C}"
EndProject
Project("{8BC9CEB8-8B4A-11D0-8D11-00A0C91BC942}") = "Lab3_2", "Lab3_2\Lab3_2.vcxproj", "{CFB06BC3-1370-4CFD-91A0-5C547BB042E1}"
EndProject
Project("{8BC9CEB8-8B4A-11D0-8D11-00A0C91BC942}") = "Lab3_3", "Lab3_3\Lab3_3.vcxproj", "{713427D7-40B8-4A6A-998C-2E11784206F6}"
EndProject
Project("{8BC9CEB8-8B4A-11D0-8D11-00A0C91BC942}") = "Lab1", "Lab1\Lab1.vcxproj", "{B4BF5BA2-1472-4F62-BA66-659C99A94D20}"
EndProject
Project("{8BC9CEB8-8B4A-11D0-8D11-00A0C91BC942}") = "Lab1_2", "Lab1_2\Lab1_2.vcxproj", "{14DD1C5F-AF91-44E2-9A76-5CA2255E76B2}"
EndProject
Project("{8BC9CEB8-8B4A-11D0-8D11-00A0C91BC942}") = "Lab2", "Lab2\Lab2.vcxproj", "{1EB34B0D-64F5-447C-A617-A734DF08719F}"
EndProject
Project("{8BC9CEB8-8B4A-11D0-8D11-00A0C91BC942}") = "Lab2_2", "Lab2_2\Lab2_2.vcxproj", "{60B46E48-6F5C-4153-8C50-49FDBBEC960B}"
EndProject
Project("{8BC9CEB8-8B4A-11D0-8D11-00A0C91BC942}") = "Lab2_3", "Lab2_3\Lab2_3.vcxproj", "{213FBEAD-53F1-43DD-9B65-D6652DEDF21E}"
EndProject
Project("{8BC9CEB8-8B4A-11D0-8D11-00A0C91BC942}") = "Lab2_4", "Lab2_4\Lab2_4.vcxproj", "{9B0E6393-E333-4B1B-AA56-78588160E5D6}"
EndProject
Project("{8BC9CEB8-8B4A-11D0-8D11-00A0C91BC942}") = "Lab4", "Lab4\Lab4.vcxproj", "{A13591E1-FDEB-46D8-B018-15C678E8B787}"
EndProject
Project("{8BC9CEB8-8B4A-11D0-8D11-00A0C91BC942}") = "Lab5", "Lab5\Lab5.vcxproj", "{57A3DFC8-B8A8-49CC-AFF8-44E6C32EE23C}"
EndProject
Global
	GlobalSection(SolutionConfigurationPlatforms) = preSolution
		Debug|x64 = Debug|x64
		Debug|x86 = Debug|x86
		Release|x64 = Release|x64
		Release|x86 = Release|x86
	EndGlobalSection
	GlobalSection(ProjectConfigurationPlatforms) = postSolution
		{93AA48BE-301A-4DDA-9137-AB97A3AC635C}.Debug|x64.ActiveCfg = Debug|x64
		{93AA48BE-301A-4DDA-9137-AB97A3AC635C}.Debug|x64.Build.0 = Debug|x64
		{93AA48BE-301A-4DDA-9137-AB97A3AC635C}.Debug|x86.ActiveCfg = Debug|Win32
		{93AA48BE-301A-4DDA-9137-AB97A3AC635C}.Debug|x86.Build.0 = Debug|Win32
		{93AA48BE-301A-4DDA-9137-AB97A3AC635C}.Release|x64.ActiveCfg = Release|x64
		{93AA48BE-301A-4DDA-9137-AB97A3AC635C}.Release|x64.Build.0 = Release|x64
		{93AA48BE-301A-4DDA-9137-AB97A3AC635C}.Release|x86.ActiveCfg = Release|Win32
		{93AA48BE-301A-4DDA-9137-AB97A3AC635C}.Release|x86.Build.0 = Release|Win32
		{CFB06BC3-1370-4CFD-91A0-5C547BB042E1}.Debug|x64.ActiveCfg = Debug|x64
		{CFB06BC3-1370-4CFD-91A0-5C547BB042E1}.Debug|x64.Build.0 = Debug|x64
		{CFB06BC3-1370-4CFD-91A0-5C547BB042E1}.Debug|x86.ActiveCfg = Debug|Win32
		{CFB06BC3-1370-4CFD-91A0-5C547BB042E1}.Debug|x86.Build.0 = Debug|Win32
		{CFB06BC3-1370-4CFD-91A0-5C547BB042E1}.Release|x64.ActiveCfg = Release|x64
		{CFB06BC3-1370-4CFD-91A0-5C547BB042E1}.Release|x64.Build.0 = Release|x64
		{CFB06BC3-1370-4CFD-91A0-5C547BB042E1}.Release|x86.ActiveCfg = Release|Win32
		{CFB06BC3-1370-4CFD-91A0-5C547BB042E1}.Release|x86.Build.0 = Release|Win32
		{713427D7-40B8-4A6A-998C-2E11784206F6}.Debug|x64.ActiveCfg = Debug|x64
		{713427D7-40B8-4A6A-998C-2E11784206F6}.Debug|x64.Build.0 = Debug|x64
		{713427D7-40B8-4A6A-998C-2E11784206F6}.Debug|x86.ActiveCfg = Debug|Win32
		{713427D7-40B8-4A6A-998C-2E11784206F6}.Debug|x86.Build.0 = Debug|Win32
		{713427D7-40B8-4A6A-998C-2E11784206F6}.Release|x64.ActiveCfg = Release|x64
		{713427D7-40B8-4A6A-998C-2E11784206F6}.Release|x64.Build.0 = Release|x64
		{713427D7-40B8-4A6A-998C-2E11784206F6}.Release|x86.ActiveCfg = Release|Win32
		{713427D7-40B8-4A6A-998C-2E11784206F6}.Release|x86.Build.0 = Release|Win32
		{B4BF5BA2-1472-4F62-BA66-659C99A94D20}.Debug|x64.ActiveCfg = Debug|x64
		{B4BF5BA2-1472-4F62-BA66-659C99A94D20}.Debug|x64.Build.0 = Debug|x64
		{B4BF5BA2-1472-4F62-BA66-659C99A94D20}.Debug|x86.ActiveCfg = Debug|Win32
		{B4BF5BA2-1472-4F62-BA66-659C99A94D20}.Debug|x86.Build.0 = Debug|Win32
		{B4BF5BA2-1472-4F62-BA66-659C99A94D20}.Release|x64.ActiveCfg = Release|x64
		{B4BF5BA2-1472-4F62-BA66-659C99A94D20}.Release|x64.Build.0 = Release|x64
		{B4BF5BA2-1472-4F62-BA66-659C99A94D20}.Release|x86.ActiveCfg = Release|Win32
		{B4BF5BA2-1472-4F62-BA66-659C99A94D20}.Release|x86.Build.0 = Release|Win32
		{14DD1C5F-AF91-44E2-9A76-5CA2255E76B2}.Debug|x64.ActiveCfg = Debug|x64
		{14DD1C5F-AF91-44E2-9A76-5CA2255E76B2}.Debug|x64.Build.0 = Debug|x64
		{14DD1C5F-AF91-44E2-9A76-5CA2255E76B2}.Debug|x86.ActiveCfg = Debug|Win32
		{14DD1C5F-AF91-44E2-9A76-5CA2255E76B2}.Debug|x86.Build.0 = Debug|Win32
		{14DD1C5F-AF91-44E2-9A76-5CA2255E76B2}.Release|x64.ActiveCfg = Release|x64
		{14DD1C5F-AF91-44E2-9A76-5CA2255E76B2}.Release|x64.Build.0 = Release|x64
		{14DD1C5F-AF91-44E2-9A76-5CA2255E76B2}.Release|x86.ActiveCfg = Release|Win32
		{14DD1C5F-AF91-44E2-9A76-5CA2255E76B2}.Release|x86.Build.0 = Release|Win32
		{1EB34B0D-64F5-447C-A617-A734DF08719F}.Debug|x64.ActiveCfg = Debug|x64
		{1EB34B0D-64F5-447C-A617-A734DF08719F}.Debug|x64.Build.0 = Debug|x64
		{1EB34B0D-64F5-447C-A617-A734DF08719F}.Debug|x86.ActiveCfg = Debug|Win32
		{1EB34B0D-64F5-447C-A617-A734DF08719F}.Debug|x86.Build.0 = Debug|Win32
		{1EB34B0D-64F5-447C-A617-A734DF08719F}.Release|x64.ActiveCfg = Release|x64
		{1EB34B0D-64F5-447C-A617-A734DF08719F}.Release|x64.Build.0 = Release|x64
		{1EB34B0D-64F5-447C-A617-A734DF08719F}.Release|x86.ActiveCfg = Release|Win32
		{1EB34B0D-64F5-447C-A617-A734DF08719F}.Release|x86.Build.0 = Release|Win32
		{60B46E48-6F5C-4153-8C50-49FDBBEC960B}.Debug|x64.ActiveCfg = Debug|x64
		{60B46E48-6F5C-4153-8C50-49FDBBEC960B}.Debug|x64.Build.0 = Debug|x64
		{60B46E48-6F5C-4153-8C50-49FDBBEC960B}.Debug|x86.ActiveCfg = Debug|Win32
		{60B46E48-6F5C-4153-8C50-49FDBBEC960B}.Debug|x86.Build.0 = Debug|Win32
		{60B46E48-6F5C-4153-8C50-49FDBBEC960B}.Release|x64.ActiveCfg = Release|x64
		{60B46E48-6F5C-4153-8C50-49FDBBEC960B}.Release|x64.Build.0 = Release|x64
		{60B46E48-6F5C-4153-8C50-49FDBBEC960B}.Release|x86.ActiveCfg = Release|Win32
		{60B46E48-6F5C-4153-8C50-49FDBBEC960B}.Release|x86.Build.0 = Release|Win32
		{213FBEAD-53F1-43DD-9B65-D6652DEDF21E}.Debug|x64.ActiveCfg = Debug|x64
		{213FBEAD-53F1-43DD-9B65-D6652DEDF21E}.Debug|x64.Build.0 = Debug|x64
		{213FBEAD-53F1-43DD-9B65-D6652DEDF21E}.Debug|x86.ActiveCfg = Debug|Win32
		{213FBEAD-53F1-43DD-9B65-D6652DEDF21E}.Debug|x86.Build.0 = Debug|Win32
		{213FBEAD-53F1-43DD-9B65-D6652DEDF21E}.Release|x64.ActiveCfg = Release|x64
		{213FBEAD-53F1-43DD-9B65-D6652DEDF21E}.Release|x64.Build.0 = Release|x64
		{213FBEAD-53F1-43DD-9B65-D6652DEDF21E}.Release|x86.ActiveCfg = Release|Win32
		{213FBEAD-53F1-43DD-9B65-D6652DEDF21E}.Release|x86.Build.0 = Release|Win32
		{9B0E6393-E333-4B1B-AA56-78588160E5D6}.Debug|x64.ActiveCfg = Debug|x64
		{9B0E6393-E333-4B1B-AA56-78588160E5D6}.Debug|x64.Build.0 = Debug|x64
		{9B0E6393-E333-4B1B-AA56-78588160E5D6}.Debug|x86.ActiveCfg = Debug|Win32
		{9B0E6393-E333-4B1B-AA56-78588160E5D6}.Debug|x86.Build.0 = Debug|Win32
		{9B0E6393-E333-4B1B-AA56-78588160E5D6}.Release|x64.ActiveCfg = Release|x64
		{9B0E6393-E333-4B1B-AA56-78588160E5D6}.Release|x64.Build.0 = Release|x64
		{9B0E6393-E333-4B1B-AA56-78588160E5D6}.Release|x86.ActiveCfg = Release|Win32
		{9B0E6393-E333-4B1B-AA56-78588160E5D6}.Release|x86.Build.0 = Release|Win32
		{A13591E1-FDEB-46D8-B018-15C678E8B787}.Debug|x64.ActiveCfg = Debug|x64
		{A13591E1-FDEB-46D8-B018-15C678E8B787}.Debug|x64.Build.0 = Debug|x64
		{A13591E1-FDEB-46D8-B018-15C678E8B787}.Debug|x86.ActiveCfg = Debug|Win32
		{A13591E1-FDEB-46D8-B018-15C678E8B787}.Debug|x86.Build.0 = Debug|Win32
		{A13591E1-FDEB-46D8-B018-15C678E8B787}.Release|x64.ActiveCfg = Release|x64
		{A13591E1-FDEB-46D8-B018-15C678E8B787}.Release|x64.Build.0 = Release|x64
		{A13591E1-FDEB-46D8-B018-15C678E8B787}.Release|x86.ActiveCfg = Release|Win32
		{A13591E1-FDEB-46D8-B018-15C678E8B787}.Release|x86.Build.0 = Release|Win32
		{57A3DFC8-B8A8-49CC-AFF8-44E6C32EE23C}.Debug|x64.ActiveCfg = Debug|x64
		{57A3DFC8-B8A8-49CC-AFF8-44E6C32EE23C}.Debug|x64.Build.0 = Debug|x64
		{57A3DFC8-B8A8-49CC-AFF8-44E6C32EE23C}.Debug|x86.ActiveCfg = Debug|Win32
		{57A3DFC8-B8A8-49CC-AFF8-44E6C32EE23C}.Debug|x86.Build.0 = Debug|Win32
		{57A3DFC8-B8A8-49CC-AFF8-44E6C32EE23C}.Release|x64.ActiveCfg = Release|x64
		{57A3DFC8-B8A8-49CC-AFF8-44E6C32EE23C}.Release|x64.Build.0 = Release|x64
		{57A3DFC8-B8A8-49CC-AFF8-44E6C32EE23C}.Release|x86.ActiveCfg = Release|Win32
		{57A3DFC8-B8A8-49CC-AFF8-44E6C32EE23C}.Release|x86.Build.0 = Release|Win32
	EndGlobalSection
	GlobalSection(SolutionProperties) = preSolution
		HideSolutionNode = FALSE
	EndGlobalSection
	GlobalSection(ExtensibilityGlobals) = postSolution
		SolutionGuid = {CCCCF741-562A-42F0-99B4-9D90FC8D278C}
	EndGlobalSection
EndGlobal
